
Microsoft Visual Studio Solution File, Format Version 12.00
# Visual Studio Version 16
VisualStudioVersion = 16.0.32413.511
MinimumVisualStudioVersion = 10.0.40219.1
Project("{FAE04EC0-301F-11D3-BF4B-00C04F79EFBC}") = "MultipleNumbers", "MultipleNumbers.csproj", "{96E74D1B-0380-45D1-871B-AF65DB619333}"
EndProject
Global
	GlobalSection(SolutionConfigurationPlatforms) = preSolution
		Debug|Any CPU = Debug|Any CPU
		Release|Any CPU = Release|Any CPU
	EndGlobalSection
	GlobalSection(ProjectConfigurationPlatforms) = postSolution
		{96E74D1B-0380-45D1-871B-AF65DB619333}.Debug|Any CPU.ActiveCfg = Debug|Any CPU
		{96E74D1B-0380-45D1-871B-AF65DB619333}.Debug|Any CPU.Build.0 = Debug|Any CPU
		{96E74D1B-0380-45D1-871B-AF65DB619333}.Release|Any CPU.ActiveCfg = Release|Any CPU
		{96E74D1B-0380-45D1-871B-AF65DB619333}.Release|Any CPU.Build.0 = Release|Any CPU
	EndGlobalSection
	GlobalSection(SolutionProperties) = preSolution
		HideSolutionNode = FALSE
	EndGlobalSection
	GlobalSection(ExtensibilityGlobals) = postSolution
		SolutionGuid = {632B61E8-0FCE-4360-BC2E-04E77931BD46}
	EndGlobalSection
EndGlobal
