
Microsoft Visual Studio Solution File, Format Version 12.00
# Visual Studio Version 16
VisualStudioVersion = 16.0.32602.291
MinimumVisualStudioVersion = 10.0.40219.1
Project("{FAE04EC0-301F-11D3-BF4B-00C04F79EFBC}") = "PlayersDB", "PlayersDB.csproj", "{1651B5EA-CF96-4ECE-8E02-360DD7615CCB}"
EndProject
Global
	GlobalSection(SolutionConfigurationPlatforms) = preSolution
		Debug|Any CPU = Debug|Any CPU
		Release|Any CPU = Release|Any CPU
	EndGlobalSection
	GlobalSection(ProjectConfigurationPlatforms) = postSolution
		{1651B5EA-CF96-4ECE-8E02-360DD7615CCB}.Debug|Any CPU.ActiveCfg = Debug|Any CPU
		{1651B5EA-CF96-4ECE-8E02-360DD7615CCB}.Debug|Any CPU.Build.0 = Debug|Any CPU
		{1651B5EA-CF96-4ECE-8E02-360DD7615CCB}.Release|Any CPU.ActiveCfg = Release|Any CPU
		{1651B5EA-CF96-4ECE-8E02-360DD7615CCB}.Release|Any CPU.Build.0 = Release|Any CPU
	EndGlobalSection
	GlobalSection(SolutionProperties) = preSolution
		HideSolutionNode = FALSE
	EndGlobalSection
	GlobalSection(ExtensibilityGlobals) = postSolution
		SolutionGuid = {BE2DC6A2-3735-47F2-B717-D7AED3FA65A9}
	EndGlobalSection
EndGlobal
