
Microsoft Visual Studio Solution File, Format Version 12.00
# Visual Studio Version 16
VisualStudioVersion = 16.0.32413.511
MinimumVisualStudioVersion = 10.0.40219.1
Project("{FAE04EC0-301F-11D3-BF4B-00C04F79EFBC}") = "Shop", "Shop.csproj", "{88413FB2-E1E3-428F-AA9D-095DB8040118}"
EndProject
Global
	GlobalSection(SolutionConfigurationPlatforms) = preSolution
		Debug|Any CPU = Debug|Any CPU
		Release|Any CPU = Release|Any CPU
	EndGlobalSection
	GlobalSection(ProjectConfigurationPlatforms) = postSolution
		{88413FB2-E1E3-428F-AA9D-095DB8040118}.Debug|Any CPU.ActiveCfg = Debug|Any CPU
		{88413FB2-E1E3-428F-AA9D-095DB8040118}.Debug|Any CPU.Build.0 = Debug|Any CPU
		{88413FB2-E1E3-428F-AA9D-095DB8040118}.Release|Any CPU.ActiveCfg = Release|Any CPU
		{88413FB2-E1E3-428F-AA9D-095DB8040118}.Release|Any CPU.Build.0 = Release|Any CPU
	EndGlobalSection
	GlobalSection(SolutionProperties) = preSolution
		HideSolutionNode = FALSE
	EndGlobalSection
	GlobalSection(ExtensibilityGlobals) = postSolution
		SolutionGuid = {FC9F97FA-4E0A-41B8-9FAA-382C837D0F74}
	EndGlobalSection
EndGlobal
