
Microsoft Visual Studio Solution File, Format Version 12.00
# Visual Studio Version 16
VisualStudioVersion = 16.0.31624.102
MinimumVisualStudioVersion = 10.0.40219.1
Project("{FAE04EC0-301F-11D3-BF4B-00C04F79EFBC}") = "SortArray", "SortArray.csproj", "{9AF31752-951B-45D8-9314-10A79729037D}"
EndProject
Global
	GlobalSection(SolutionConfigurationPlatforms) = preSolution
		Debug|Any CPU = Debug|Any CPU
		Release|Any CPU = Release|Any CPU
	EndGlobalSection
	GlobalSection(ProjectConfigurationPlatforms) = postSolution
		{9AF31752-951B-45D8-9314-10A79729037D}.Debug|Any CPU.ActiveCfg = Debug|Any CPU
		{9AF31752-951B-45D8-9314-10A79729037D}.Debug|Any CPU.Build.0 = Debug|Any CPU
		{9AF31752-951B-45D8-9314-10A79729037D}.Release|Any CPU.ActiveCfg = Release|Any CPU
		{9AF31752-951B-45D8-9314-10A79729037D}.Release|Any CPU.Build.0 = Release|Any CPU
	EndGlobalSection
	GlobalSection(SolutionProperties) = preSolution
		HideSolutionNode = FALSE
	EndGlobalSection
	GlobalSection(ExtensibilityGlobals) = postSolution
		SolutionGuid = {793E01BC-489F-403D-8DA6-D3BB51E81F24}
	EndGlobalSection
EndGlobal
