
Microsoft Visual Studio Solution File, Format Version 12.00
# Visual Studio Version 17
VisualStudioVersion = 17.2.32616.157
MinimumVisualStudioVersion = 10.0.40219.1
Project("{FAE04EC0-301F-11D3-BF4B-00C04F79EFBC}") = "DetectionOverdue", "DetectionOverdue.csproj", "{044C927E-C285-4866-BDB3-E820937A6817}"
EndProject
Global
	GlobalSection(SolutionConfigurationPlatforms) = preSolution
		Debug|Any CPU = Debug|Any CPU
		Release|Any CPU = Release|Any CPU
	EndGlobalSection
	GlobalSection(ProjectConfigurationPlatforms) = postSolution
		{044C927E-C285-4866-BDB3-E820937A6817}.Debug|Any CPU.ActiveCfg = Debug|Any CPU
		{044C927E-C285-4866-BDB3-E820937A6817}.Debug|Any CPU.Build.0 = Debug|Any CPU
		{044C927E-C285-4866-BDB3-E820937A6817}.Release|Any CPU.ActiveCfg = Release|Any CPU
		{044C927E-C285-4866-BDB3-E820937A6817}.Release|Any CPU.Build.0 = Release|Any CPU
	EndGlobalSection
	GlobalSection(SolutionProperties) = preSolution
		HideSolutionNode = FALSE
	EndGlobalSection
	GlobalSection(ExtensibilityGlobals) = postSolution
		SolutionGuid = {E1AFAEFC-874C-401D-AFF2-3D3EC6C4E10B}
	EndGlobalSection
EndGlobal
