
Microsoft Visual Studio Solution File, Format Version 12.00
# Visual Studio Version 16
VisualStudioVersion = 16.0.31624.102
MinimumVisualStudioVersion = 10.0.40219.1
Project("{FAE04EC0-301F-11D3-BF4B-00C04F79EFBC}") = "TrainPlan", "TrainPlan.csproj", "{A2850CD4-BBD7-4306-A5FE-55F68857D56A}"
EndProject
Global
	GlobalSection(SolutionConfigurationPlatforms) = preSolution
		Debug|Any CPU = Debug|Any CPU
		Release|Any CPU = Release|Any CPU
	EndGlobalSection
	GlobalSection(ProjectConfigurationPlatforms) = postSolution
		{A2850CD4-BBD7-4306-A5FE-55F68857D56A}.Debug|Any CPU.ActiveCfg = Debug|Any CPU
		{A2850CD4-BBD7-4306-A5FE-55F68857D56A}.Debug|Any CPU.Build.0 = Debug|Any CPU
		{A2850CD4-BBD7-4306-A5FE-55F68857D56A}.Release|Any CPU.ActiveCfg = Release|Any CPU
		{A2850CD4-BBD7-4306-A5FE-55F68857D56A}.Release|Any CPU.Build.0 = Release|Any CPU
	EndGlobalSection
	GlobalSection(SolutionProperties) = preSolution
		HideSolutionNode = FALSE
	EndGlobalSection
	GlobalSection(ExtensibilityGlobals) = postSolution
		SolutionGuid = {AE9FB375-582C-4D59-B889-1F673B447EFC}
	EndGlobalSection
EndGlobal
