
Microsoft Visual Studio Solution File, Format Version 12.00
# Visual Studio Version 16
VisualStudioVersion = 16.0.32413.511
MinimumVisualStudioVersion = 10.0.40219.1
Project("{FAE04EC0-301F-11D3-BF4B-00C04F79EFBC}") = "PasswordApp", "PasswordApp.csproj", "{98B3E5B0-E327-401D-88FE-AB534E0A624F}"
EndProject
Global
	GlobalSection(SolutionConfigurationPlatforms) = preSolution
		Debug|Any CPU = Debug|Any CPU
		Release|Any CPU = Release|Any CPU
	EndGlobalSection
	GlobalSection(ProjectConfigurationPlatforms) = postSolution
		{98B3E5B0-E327-401D-88FE-AB534E0A624F}.Debug|Any CPU.ActiveCfg = Debug|Any CPU
		{98B3E5B0-E327-401D-88FE-AB534E0A624F}.Debug|Any CPU.Build.0 = Debug|Any CPU
		{98B3E5B0-E327-401D-88FE-AB534E0A624F}.Release|Any CPU.ActiveCfg = Release|Any CPU
		{98B3E5B0-E327-401D-88FE-AB534E0A624F}.Release|Any CPU.Build.0 = Release|Any CPU
	EndGlobalSection
	GlobalSection(SolutionProperties) = preSolution
		HideSolutionNode = FALSE
	EndGlobalSection
	GlobalSection(ExtensibilityGlobals) = postSolution
		SolutionGuid = {BE7C7D4E-B898-4215-BCDB-3F3A5194B9B1}
	EndGlobalSection
EndGlobal
