
Microsoft Visual Studio Solution File, Format Version 12.00
# Visual Studio Version 16
VisualStudioVersion = 16.0.31624.102
MinimumVisualStudioVersion = 10.0.40219.1
Project("{FAE04EC0-301F-11D3-BF4B-00C04F79EFBC}") = "Zoo", "Zoo.csproj", "{AD366D2C-D7F2-457B-A154-BD523C08B1F3}"
EndProject
Global
	GlobalSection(SolutionConfigurationPlatforms) = preSolution
		Debug|Any CPU = Debug|Any CPU
		Release|Any CPU = Release|Any CPU
	EndGlobalSection
	GlobalSection(ProjectConfigurationPlatforms) = postSolution
		{AD366D2C-D7F2-457B-A154-BD523C08B1F3}.Debug|Any CPU.ActiveCfg = Debug|Any CPU
		{AD366D2C-D7F2-457B-A154-BD523C08B1F3}.Debug|Any CPU.Build.0 = Debug|Any CPU
		{AD366D2C-D7F2-457B-A154-BD523C08B1F3}.Release|Any CPU.ActiveCfg = Release|Any CPU
		{AD366D2C-D7F2-457B-A154-BD523C08B1F3}.Release|Any CPU.Build.0 = Release|Any CPU
	EndGlobalSection
	GlobalSection(SolutionProperties) = preSolution
		HideSolutionNode = FALSE
	EndGlobalSection
	GlobalSection(ExtensibilityGlobals) = postSolution
		SolutionGuid = {765C23E4-2376-49B9-8037-D0614BD4E05A}
	EndGlobalSection
EndGlobal
