
Microsoft Visual Studio Solution File, Format Version 12.00
# Visual Studio Version 16
VisualStudioVersion = 16.0.32413.511
MinimumVisualStudioVersion = 10.0.40219.1
Project("{FAE04EC0-301F-11D3-BF4B-00C04F79EFBC}") = "WorkWithRowsAndCols", "WorkWithRowsAndCols.csproj", "{ACF7C9F8-6CF6-47F8-8DA4-D6387CAAFACE}"
EndProject
Global
	GlobalSection(SolutionConfigurationPlatforms) = preSolution
		Debug|Any CPU = Debug|Any CPU
		Release|Any CPU = Release|Any CPU
	EndGlobalSection
	GlobalSection(ProjectConfigurationPlatforms) = postSolution
		{ACF7C9F8-6CF6-47F8-8DA4-D6387CAAFACE}.Debug|Any CPU.ActiveCfg = Debug|Any CPU
		{ACF7C9F8-6CF6-47F8-8DA4-D6387CAAFACE}.Debug|Any CPU.Build.0 = Debug|Any CPU
		{ACF7C9F8-6CF6-47F8-8DA4-D6387CAAFACE}.Release|Any CPU.ActiveCfg = Release|Any CPU
		{ACF7C9F8-6CF6-47F8-8DA4-D6387CAAFACE}.Release|Any CPU.Build.0 = Release|Any CPU
	EndGlobalSection
	GlobalSection(SolutionProperties) = preSolution
		HideSolutionNode = FALSE
	EndGlobalSection
	GlobalSection(ExtensibilityGlobals) = postSolution
		SolutionGuid = {4C67D148-1816-45D3-80A3-0C47F1F8F14B}
	EndGlobalSection
EndGlobal
