
Microsoft Visual Studio Solution File, Format Version 12.00
# Visual Studio Version 16
VisualStudioVersion = 16.0.32602.291
MinimumVisualStudioVersion = 10.0.40219.1
Project("{FAE04EC0-301F-11D3-BF4B-00C04F79EFBC}") = "WorkWIthProperties", "WorkWIthProperties.csproj", "{8255CB70-ADE0-4B00-A02A-5174F58E5400}"
EndProject
Global
	GlobalSection(SolutionConfigurationPlatforms) = preSolution
		Debug|Any CPU = Debug|Any CPU
		Release|Any CPU = Release|Any CPU
	EndGlobalSection
	GlobalSection(ProjectConfigurationPlatforms) = postSolution
		{8255CB70-ADE0-4B00-A02A-5174F58E5400}.Debug|Any CPU.ActiveCfg = Debug|Any CPU
		{8255CB70-ADE0-4B00-A02A-5174F58E5400}.Debug|Any CPU.Build.0 = Debug|Any CPU
		{8255CB70-ADE0-4B00-A02A-5174F58E5400}.Release|Any CPU.ActiveCfg = Release|Any CPU
		{8255CB70-ADE0-4B00-A02A-5174F58E5400}.Release|Any CPU.Build.0 = Release|Any CPU
	EndGlobalSection
	GlobalSection(SolutionProperties) = preSolution
		HideSolutionNode = FALSE
	EndGlobalSection
	GlobalSection(ExtensibilityGlobals) = postSolution
		SolutionGuid = {9524ED9A-AB67-4E50-BE4E-29FAFB65031A}
	EndGlobalSection
EndGlobal
