
Microsoft Visual Studio Solution File, Format Version 12.00
# Visual Studio Version 17
VisualStudioVersion = 17.2.32616.157
MinimumVisualStudioVersion = 10.0.40219.1
Project("{FAE04EC0-301F-11D3-BF4B-00C04F79EFBC}") = "AnarchyHospital", "AnarchyHospital\AnarchyHospital.csproj", "{7439579E-5C04-450B-8824-CC0684220975}"
EndProject
Global
	GlobalSection(SolutionConfigurationPlatforms) = preSolution
		Debug|Any CPU = Debug|Any CPU
		Release|Any CPU = Release|Any CPU
	EndGlobalSection
	GlobalSection(ProjectConfigurationPlatforms) = postSolution
		{7439579E-5C04-450B-8824-CC0684220975}.Debug|Any CPU.ActiveCfg = Debug|Any CPU
		{7439579E-5C04-450B-8824-CC0684220975}.Debug|Any CPU.Build.0 = Debug|Any CPU
		{7439579E-5C04-450B-8824-CC0684220975}.Release|Any CPU.ActiveCfg = Release|Any CPU
		{7439579E-5C04-450B-8824-CC0684220975}.Release|Any CPU.Build.0 = Release|Any CPU
	EndGlobalSection
	GlobalSection(SolutionProperties) = preSolution
		HideSolutionNode = FALSE
	EndGlobalSection
	GlobalSection(ExtensibilityGlobals) = postSolution
		SolutionGuid = {9CD65F0A-70D3-4139-80A7-8217C2C1A4F0}
	EndGlobalSection
EndGlobal
