
Microsoft Visual Studio Solution File, Format Version 12.00
# Visual Studio Version 16
VisualStudioVersion = 16.0.32413.511
MinimumVisualStudioVersion = 10.0.40219.1
Project("{FAE04EC0-301F-11D3-BF4B-00C04F79EFBC}") = "EnhanceDynamicArray", "EnhanceDynamicArray.csproj", "{BBFBF800-56B3-4DA1-A677-4C41CBF2784E}"
EndProject
Global
	GlobalSection(SolutionConfigurationPlatforms) = preSolution
		Debug|Any CPU = Debug|Any CPU
		Release|Any CPU = Release|Any CPU
	EndGlobalSection
	GlobalSection(ProjectConfigurationPlatforms) = postSolution
		{BBFBF800-56B3-4DA1-A677-4C41CBF2784E}.Debug|Any CPU.ActiveCfg = Debug|Any CPU
		{BBFBF800-56B3-4DA1-A677-4C41CBF2784E}.Debug|Any CPU.Build.0 = Debug|Any CPU
		{BBFBF800-56B3-4DA1-A677-4C41CBF2784E}.Release|Any CPU.ActiveCfg = Release|Any CPU
		{BBFBF800-56B3-4DA1-A677-4C41CBF2784E}.Release|Any CPU.Build.0 = Release|Any CPU
	EndGlobalSection
	GlobalSection(SolutionProperties) = preSolution
		HideSolutionNode = FALSE
	EndGlobalSection
	GlobalSection(ExtensibilityGlobals) = postSolution
		SolutionGuid = {496BD1EF-6256-4400-9916-BB85754FBCC6}
	EndGlobalSection
EndGlobal
