
Microsoft Visual Studio Solution File, Format Version 12.00
# Visual Studio Version 16
VisualStudioVersion = 16.0.31624.102
MinimumVisualStudioVersion = 10.0.40219.1
Project("{FAE04EC0-301F-11D3-BF4B-00C04F79EFBC}") = "BraveNewWorld", "BraveNewWorld.csproj", "{42D54B0D-A5EA-4993-B3EC-C564397C34AA}"
EndProject
Global
	GlobalSection(SolutionConfigurationPlatforms) = preSolution
		Debug|Any CPU = Debug|Any CPU
		Release|Any CPU = Release|Any CPU
	EndGlobalSection
	GlobalSection(ProjectConfigurationPlatforms) = postSolution
		{42D54B0D-A5EA-4993-B3EC-C564397C34AA}.Debug|Any CPU.ActiveCfg = Debug|Any CPU
		{42D54B0D-A5EA-4993-B3EC-C564397C34AA}.Debug|Any CPU.Build.0 = Debug|Any CPU
		{42D54B0D-A5EA-4993-B3EC-C564397C34AA}.Release|Any CPU.ActiveCfg = Release|Any CPU
		{42D54B0D-A5EA-4993-B3EC-C564397C34AA}.Release|Any CPU.Build.0 = Release|Any CPU
	EndGlobalSection
	GlobalSection(SolutionProperties) = preSolution
		HideSolutionNode = FALSE
	EndGlobalSection
	GlobalSection(ExtensibilityGlobals) = postSolution
		SolutionGuid = {CAA0517D-D5C5-44FF-BA5D-71CC98A6C1CF}
	EndGlobalSection
EndGlobal
